
Microsoft Visual Studio Solution File, Format Version 12.00
# Visual Studio Version 16
VisualStudioVersion = 16.0.29728.190
MinimumVisualStudioVersion = 10.0.40219.1
Project("{FAE04EC0-301F-11D3-BF4B-00C04F79EFBC}") = "SpaUserControl.Domain", "SpaUserControl.Domain\SpaUserControl.Domain.csproj", "{A5F6621E-0E9F-47A9-9DBA-11014E6F41E0}"
EndProject
Project("{FAE04EC0-301F-11D3-BF4B-00C04F79EFBC}") = "SpaUserControl.Common", "SpaUserControl.Common\SpaUserControl.Common.csproj", "{F4BC6E9B-A3DA-4296-95E6-C438C5BD9FB2}"
EndProject
Project("{FAE04EC0-301F-11D3-BF4B-00C04F79EFBC}") = "SpaUserControl.Infraestructure", "SpaUserControl.Infraestructure\SpaUserControl.Infraestructure.csproj", "{624CC519-3E6A-4AF1-A2EA-4FB891960E40}"
EndProject
Project("{FAE04EC0-301F-11D3-BF4B-00C04F79EFBC}") = "SpaUserControl.Startup", "SpaUserControl.Startup\SpaUserControl.Startup.csproj", "{0361B171-48AE-4C4B-88EA-4B857C1437A9}"
EndProject
Global
	GlobalSection(SolutionConfigurationPlatforms) = preSolution
		Debug|Any CPU = Debug|Any CPU
		Release|Any CPU = Release|Any CPU
	EndGlobalSection
	GlobalSection(ProjectConfigurationPlatforms) = postSolution
		{A5F6621E-0E9F-47A9-9DBA-11014E6F41E0}.Debug|Any CPU.ActiveCfg = Debug|Any CPU
		{A5F6621E-0E9F-47A9-9DBA-11014E6F41E0}.Debug|Any CPU.Build.0 = Debug|Any CPU
		{A5F6621E-0E9F-47A9-9DBA-11014E6F41E0}.Release|Any CPU.ActiveCfg = Release|Any CPU
		{A5F6621E-0E9F-47A9-9DBA-11014E6F41E0}.Release|Any CPU.Build.0 = Release|Any CPU
		{F4BC6E9B-A3DA-4296-95E6-C438C5BD9FB2}.Debug|Any CPU.ActiveCfg = Debug|Any CPU
		{F4BC6E9B-A3DA-4296-95E6-C438C5BD9FB2}.Debug|Any CPU.Build.0 = Debug|Any CPU
		{F4BC6E9B-A3DA-4296-95E6-C438C5BD9FB2}.Release|Any CPU.ActiveCfg = Release|Any CPU
		{F4BC6E9B-A3DA-4296-95E6-C438C5BD9FB2}.Release|Any CPU.Build.0 = Release|Any CPU
		{624CC519-3E6A-4AF1-A2EA-4FB891960E40}.Debug|Any CPU.ActiveCfg = Debug|Any CPU
		{624CC519-3E6A-4AF1-A2EA-4FB891960E40}.Debug|Any CPU.Build.0 = Debug|Any CPU
		{624CC519-3E6A-4AF1-A2EA-4FB891960E40}.Release|Any CPU.ActiveCfg = Release|Any CPU
		{624CC519-3E6A-4AF1-A2EA-4FB891960E40}.Release|Any CPU.Build.0 = Release|Any CPU
		{0361B171-48AE-4C4B-88EA-4B857C1437A9}.Debug|Any CPU.ActiveCfg = Debug|Any CPU
		{0361B171-48AE-4C4B-88EA-4B857C1437A9}.Debug|Any CPU.Build.0 = Debug|Any CPU
		{0361B171-48AE-4C4B-88EA-4B857C1437A9}.Release|Any CPU.ActiveCfg = Release|Any CPU
		{0361B171-48AE-4C4B-88EA-4B857C1437A9}.Release|Any CPU.Build.0 = Release|Any CPU
	EndGlobalSection
	GlobalSection(SolutionProperties) = preSolution
		HideSolutionNode = FALSE
	EndGlobalSection
	GlobalSection(ExtensibilityGlobals) = postSolution
		SolutionGuid = {8FF5E494-59CE-4213-BF57-865DF3227A28}
	EndGlobalSection
EndGlobal
